
Microsoft Visual Studio Solution File, Format Version 12.00
# Visual Studio Version 16
VisualStudioVersion = 16.0.34407.143
MinimumVisualStudioVersion = 10.0.40219.1
Project("{FAE04EC0-301F-11D3-BF4B-00C04F79EFBC}") = "atividade aula 38", "atividade aula 38\atividade aula 38.csproj", "{97E582E0-6CDB-4CBF-AB06-2A1378AF44FD}"
EndProject
Global
	GlobalSection(SolutionConfigurationPlatforms) = preSolution
		Debug|Any CPU = Debug|Any CPU
		Release|Any CPU = Release|Any CPU
	EndGlobalSection
	GlobalSection(ProjectConfigurationPlatforms) = postSolution
		{97E582E0-6CDB-4CBF-AB06-2A1378AF44FD}.Debug|Any CPU.ActiveCfg = Debug|Any CPU
		{97E582E0-6CDB-4CBF-AB06-2A1378AF44FD}.Debug|Any CPU.Build.0 = Debug|Any CPU
		{97E582E0-6CDB-4CBF-AB06-2A1378AF44FD}.Release|Any CPU.ActiveCfg = Release|Any CPU
		{97E582E0-6CDB-4CBF-AB06-2A1378AF44FD}.Release|Any CPU.Build.0 = Release|Any CPU
	EndGlobalSection
	GlobalSection(SolutionProperties) = preSolution
		HideSolutionNode = FALSE
	EndGlobalSection
	GlobalSection(ExtensibilityGlobals) = postSolution
		SolutionGuid = {786D7DA3-A35B-418A-B9C5-37411A770A5B}
	EndGlobalSection
EndGlobal
